
Microsoft Visual Studio Solution File, Format Version 12.00
# Visual Studio 14
VisualStudioVersion = 14.0.25420.1
MinimumVisualStudioVersion = 10.0.40219.1
Project("{FAE04EC0-301F-11D3-BF4B-00C04F79EFBC}") = "UI", "TriangularMesher\UI.csproj", "{A0D75F62-179C-4291-8028-AFE906327A6A}"
EndProject
Project("{FAE04EC0-301F-11D3-BF4B-00C04F79EFBC}") = "MathEntities", "Objects\MathEntities.csproj", "{0660E750-BEDA-4E11-AA77-FF718BF8D12E}"
EndProject
Project("{FAE04EC0-301F-11D3-BF4B-00C04F79EFBC}") = "Engine", "Engine\Engine.csproj", "{41492D21-EEB7-4BB3-A099-67F341DE41F2}"
EndProject
Project("{FAE04EC0-301F-11D3-BF4B-00C04F79EFBC}") = "MathUtils", "Math\MathUtils.csproj", "{E0CE08EE-449B-4434-8F36-AED4E500C5D6}"
EndProject
Project("{FAE04EC0-301F-11D3-BF4B-00C04F79EFBC}") = "UnitTester", "UnitTester\UnitTester.csproj", "{4186DE3C-7F3E-49BF-A9C4-D718A76F703F}"
EndProject
Global
	GlobalSection(SolutionConfigurationPlatforms) = preSolution
		Debug|Any CPU = Debug|Any CPU
		Release|Any CPU = Release|Any CPU
	EndGlobalSection
	GlobalSection(ProjectConfigurationPlatforms) = postSolution
		{A0D75F62-179C-4291-8028-AFE906327A6A}.Debug|Any CPU.ActiveCfg = Debug|Any CPU
		{A0D75F62-179C-4291-8028-AFE906327A6A}.Debug|Any CPU.Build.0 = Debug|Any CPU
		{A0D75F62-179C-4291-8028-AFE906327A6A}.Release|Any CPU.ActiveCfg = Release|Any CPU
		{A0D75F62-179C-4291-8028-AFE906327A6A}.Release|Any CPU.Build.0 = Release|Any CPU
		{0660E750-BEDA-4E11-AA77-FF718BF8D12E}.Debug|Any CPU.ActiveCfg = Debug|Any CPU
		{0660E750-BEDA-4E11-AA77-FF718BF8D12E}.Debug|Any CPU.Build.0 = Debug|Any CPU
		{0660E750-BEDA-4E11-AA77-FF718BF8D12E}.Release|Any CPU.ActiveCfg = Release|Any CPU
		{0660E750-BEDA-4E11-AA77-FF718BF8D12E}.Release|Any CPU.Build.0 = Release|Any CPU
		{41492D21-EEB7-4BB3-A099-67F341DE41F2}.Debug|Any CPU.ActiveCfg = Debug|Any CPU
		{41492D21-EEB7-4BB3-A099-67F341DE41F2}.Debug|Any CPU.Build.0 = Debug|Any CPU
		{41492D21-EEB7-4BB3-A099-67F341DE41F2}.Release|Any CPU.ActiveCfg = Release|Any CPU
		{41492D21-EEB7-4BB3-A099-67F341DE41F2}.Release|Any CPU.Build.0 = Release|Any CPU
		{E0CE08EE-449B-4434-8F36-AED4E500C5D6}.Debug|Any CPU.ActiveCfg = Debug|Any CPU
		{E0CE08EE-449B-4434-8F36-AED4E500C5D6}.Debug|Any CPU.Build.0 = Debug|Any CPU
		{E0CE08EE-449B-4434-8F36-AED4E500C5D6}.Release|Any CPU.ActiveCfg = Release|Any CPU
		{E0CE08EE-449B-4434-8F36-AED4E500C5D6}.Release|Any CPU.Build.0 = Release|Any CPU
		{4186DE3C-7F3E-49BF-A9C4-D718A76F703F}.Debug|Any CPU.ActiveCfg = Debug|Any CPU
		{4186DE3C-7F3E-49BF-A9C4-D718A76F703F}.Debug|Any CPU.Build.0 = Debug|Any CPU
		{4186DE3C-7F3E-49BF-A9C4-D718A76F703F}.Release|Any CPU.ActiveCfg = Release|Any CPU
		{4186DE3C-7F3E-49BF-A9C4-D718A76F703F}.Release|Any CPU.Build.0 = Release|Any CPU
	EndGlobalSection
	GlobalSection(SolutionProperties) = preSolution
		HideSolutionNode = FALSE
	EndGlobalSection
EndGlobal
